// !$*UTF8*$!
{
	archiveVersion = 1;
	classes = {
	};
	objectVersion = 56;
	objects = {

/* Begin PBXBuildFile section */
		10064A1829E5904E0085B100 /* CommunicatorView.swift in Sources */ = {isa = PBXBuildFile; fileRef = 10064A1729E5904E0085B100 /* CommunicatorView.swift */; };
		10064A1B29E590FB0085B100 /* AugmentedReality.swift in Sources */ = {isa = PBXBuildFile; fileRef = 10064A1A29E590FB0085B100 /* AugmentedReality.swift */; };
		100FD48429D472700016184B /* CameraView.swift in Sources */ = {isa = PBXBuildFile; fileRef = 100FD48329D472700016184B /* CameraView.swift */; };
		10ABE6B429CF3D1400A2F705 /* SignEaseApp.swift in Sources */ = {isa = PBXBuildFile; fileRef = 10ABE6B329CF3D1400A2F705 /* SignEaseApp.swift */; };
		10ABE6B629CF3D1400A2F705 /* ContentView.swift in Sources */ = {isa = PBXBuildFile; fileRef = 10ABE6B529CF3D1400A2F705 /* ContentView.swift */; };
		10ABE6B829CF3D1700A2F705 /* Assets.xcassets in Resources */ = {isa = PBXBuildFile; fileRef = 10ABE6B729CF3D1700A2F705 /* Assets.xcassets */; };
		10ABE6BB29CF3D1700A2F705 /* Preview Assets.xcassets in Resources */ = {isa = PBXBuildFile; fileRef = 10ABE6BA29CF3D1700A2F705 /* Preview Assets.xcassets */; };
/* End PBXBuildFile section */

/* Begin PBXFileReference section */
		10064A1529E588FE0085B100 /* Info.plist */ = {isa = PBXFileReference; lastKnownFileType = text.plist; path = Info.plist; sourceTree = "<group>"; };
		10064A1729E5904E0085B100 /* CommunicatorView.swift */ = {isa = PBXFileReference; lastKnownFileType = sourcecode.swift; path = CommunicatorView.swift; sourceTree = "<group>"; };
		10064A1A29E590FB0085B100 /* AugmentedReality.swift */ = {isa = PBXFileReference; lastKnownFileType = sourcecode.swift; path = AugmentedReality.swift; sourceTree = "<group>"; };
		100FD48329D472700016184B /* CameraView.swift */ = {isa = PBXFileReference; lastKnownFileType = sourcecode.swift; path = CameraView.swift; sourceTree = "<group>"; };
		10ABE6B029CF3D1400A2F705 /* SignEase.app */ = {isa = PBXFileReference; explicitFileType = wrapper.application; includeInIndex = 0; path = SignEase.app; sourceTree = BUILT_PRODUCTS_DIR; };
		10ABE6B329CF3D1400A2F705 /* SignEaseApp.swift */ = {isa = PBXFileReference; lastKnownFileType = sourcecode.swift; path = SignEaseApp.swift; sourceTree = "<group>"; };
		10ABE6B529CF3D1400A2F705 /* ContentView.swift */ = {isa = PBXFileReference; lastKnownFileType = sourcecode.swift; path = ContentView.swift; sourceTree = "<group>"; };
		10ABE6B729CF3D1700A2F705 /* Assets.xcassets */ = {isa = PBXFileReference; lastKnownFileType = folder.assetcatalog; path = Assets.xcassets; sourceTree = "<group>"; };
		10ABE6BA29CF3D1700A2F705 /* Preview Assets.xcassets */ = {isa = PBXFileReference; lastKnownFileType = folder.assetcatalog; path = "Preview Assets.xcassets"; sourceTree = "<group>"; };
/* End PBXFileReference section */

/* Begin PBXFrameworksBuildPhase section */
		10ABE6AD29CF3D1400A2F705 /* Frameworks */ = {
			isa = PBXFrameworksBuildPhase;
			buildActionMask = 2147483647;
			files = (
			);
			runOnlyForDeploymentPostprocessing = 0;
		};
/* End PBXFrameworksBuildPhase section */

/* Begin PBXGroup section */
		10064A1629E5902A0085B100 /* Component */ = {
			isa = PBXGroup;
			children = (
				10064A1729E5904E0085B100 /* CommunicatorView.swift */,
			);
			path = Component;
			sourceTree = "<group>";
		};
		10ABE6A729CF3D1400A2F705 = {
			isa = PBXGroup;
			children = (
				10ABE6B229CF3D1400A2F705 /* SignEase */,
				10ABE6B129CF3D1400A2F705 /* Products */,
			);
			sourceTree = "<group>";
		};
		10ABE6B129CF3D1400A2F705 /* Products */ = {
			isa = PBXGroup;
			children = (
				10ABE6B029CF3D1400A2F705 /* SignEase.app */,
			);
			name = Products;
			sourceTree = "<group>";
		};
		10ABE6B229CF3D1400A2F705 /* SignEase */ = {
			isa = PBXGroup;
			children = (
				10064A1529E588FE0085B100 /* Info.plist */,
				10ABE6B329CF3D1400A2F705 /* SignEaseApp.swift */,
				10ABE6C129CF3E7500A2F705 /* View */,
				10064A1629E5902A0085B100 /* Component */,
				10ABE6C229CF3E8200A2F705 /* Model */,
				10ABE6B729CF3D1700A2F705 /* Assets.xcassets */,
				10ABE6B929CF3D1700A2F705 /* Preview Content */,
			);
			path = SignEase;
			sourceTree = "<group>";
		};
		10ABE6B929CF3D1700A2F705 /* Preview Content */ = {
			isa = PBXGroup;
			children = (
				10ABE6BA29CF3D1700A2F705 /* Preview Assets.xcassets */,
			);
			path = "Preview Content";
			sourceTree = "<group>";
		};
		10ABE6C129CF3E7500A2F705 /* View */ = {
			isa = PBXGroup;
			children = (
				10ABE6B529CF3D1400A2F705 /* ContentView.swift */,
				100FD48329D472700016184B /* CameraView.swift */,
				10064A1A29E590FB0085B100 /* AugmentedReality.swift */,
			);
			path = View;
			sourceTree = "<group>";
		};
		10ABE6C229CF3E8200A2F705 /* Model */ = {
			isa = PBXGroup;
			children = (
			);
			path = Model;
			sourceTree = "<group>";
		};
/* End PBXGroup section */

/* Begin PBXNativeTarget section */
		10ABE6AF29CF3D1400A2F705 /* SignEase */ = {
			isa = PBXNativeTarget;
			buildConfigurationList = 10ABE6BE29CF3D1700A2F705 /* Build configuration list for PBXNativeTarget "SignEase" */;
			buildPhases = (
				10ABE6AC29CF3D1400A2F705 /* Sources */,
				10ABE6AD29CF3D1400A2F705 /* Frameworks */,
				10ABE6AE29CF3D1400A2F705 /* Resources */,
			);
			buildRules = (
			);
			dependencies = (
			);
			name = SignEase;
			productName = SignEase;
			productReference = 10ABE6B029CF3D1400A2F705 /* SignEase.app */;
			productType = "com.apple.product-type.application";
		};
/* End PBXNativeTarget section */

/* Begin PBXProject section */
		10ABE6A829CF3D1400A2F705 /* Project object */ = {
			isa = PBXProject;
			attributes = {
				BuildIndependentTargetsInParallel = 1;
				LastSwiftUpdateCheck = 1420;
				LastUpgradeCheck = 1420;
				TargetAttributes = {
					10ABE6AF29CF3D1400A2F705 = {
						CreatedOnToolsVersion = 14.2;
					};
				};
			};
			buildConfigurationList = 10ABE6AB29CF3D1400A2F705 /* Build configuration list for PBXProject "SignEase" */;
			compatibilityVersion = "Xcode 14.0";
			developmentRegion = en;
			hasScannedForEncodings = 0;
			knownRegions = (
				en,
				Base,
			);
			mainGroup = 10ABE6A729CF3D1400A2F705;
			productRefGroup = 10ABE6B129CF3D1400A2F705 /* Products */;
			projectDirPath = "";
			projectRoot = "";
			targets = (
				10ABE6AF29CF3D1400A2F705 /* SignEase */,
			);
		};
/* End PBXProject section */

/* Begin PBXResourcesBuildPhase section */
		10ABE6AE29CF3D1400A2F705 /* Resources */ = {
			isa = PBXResourcesBuildPhase;
			buildActionMask = 2147483647;
			files = (
				10ABE6BB29CF3D1700A2F705 /* Preview Assets.xcassets in Resources */,
				10ABE6B829CF3D1700A2F705 /* Assets.xcassets in Resources */,
			);
			runOnlyForDeploymentPostprocessing = 0;
		};
/* End PBXResourcesBuildPhase section */

/* Begin PBXSourcesBuildPhase section */
		10ABE6AC29CF3D1400A2F705 /* Sources */ = {
			isa = PBXSourcesBuildPhase;
			buildActionMask = 2147483647;
			files = (
				10064A1829E5904E0085B100 /* CommunicatorView.swift in Sources */,
				10064A1B29E590FB0085B100 /* AugmentedReality.swift in Sources */,
				100FD48429D472700016184B /* CameraView.swift in Sources */,
				10ABE6B629CF3D1400A2F705 /* ContentView.swift in Sources */,
				10ABE6B429CF3D1400A2F705 /* SignEaseApp.swift in Sources */,
			);
			runOnlyForDeploymentPostprocessing = 0;
		};
/* End PBXSourcesBuildPhase section */

/* Begin XCBuildConfiguration section */
		10ABE6BC29CF3D1700A2F705 /* Debug */ = {
			isa = XCBuildConfiguration;
			buildSettings = {
				ALWAYS_SEARCH_USER_PATHS = NO;
				CLANG_ANALYZER_NONNULL = YES;
				CLANG_ANALYZER_NUMBER_OBJECT_CONVERSION = YES_AGGRESSIVE;
				CLANG_CXX_LANGUAGE_STANDARD = "gnu++20";
				CLANG_ENABLE_MODULES = YES;
				CLANG_ENABLE_OBJC_ARC = YES;
				CLANG_ENABLE_OBJC_WEAK = YES;
				CLANG_WARN_BLOCK_CAPTURE_AUTORELEASING = YES;
				CLANG_WARN_BOOL_CONVERSION = YES;
				CLANG_WARN_COMMA = YES;
				CLANG_WARN_CONSTANT_CONVERSION = YES;
				CLANG_WARN_DEPRECATED_OBJC_IMPLEMENTATIONS = YES;
				CLANG_WARN_DIRECT_OBJC_ISA_USAGE = YES_ERROR;
				CLANG_WARN_DOCUMENTATION_COMMENTS = YES;
				CLANG_WARN_EMPTY_BODY = YES;
				CLANG_WARN_ENUM_CONVERSION = YES;
				CLANG_WARN_INFINITE_RECURSION = YES;
				CLANG_WARN_INT_CONVERSION = YES;
				CLANG_WARN_NON_LITERAL_NULL_CONVERSION = YES;
				CLANG_WARN_OBJC_IMPLICIT_RETAIN_SELF = YES;
				CLANG_WARN_OBJC_LITERAL_CONVERSION = YES;
				CLANG_WARN_OBJC_ROOT_CLASS = YES_ERROR;
				CLANG_WARN_QUOTED_INCLUDE_IN_FRAMEWORK_HEADER = YES;
				CLANG_WARN_RANGE_LOOP_ANALYSIS = YES;
				CLANG_WARN_STRICT_PROTOTYPES = YES;
				CLANG_WARN_SUSPICIOUS_MOVE = YES;
				CLANG_WARN_UNGUARDED_AVAILABILITY = YES_AGGRESSIVE;
				CLANG_WARN_UNREACHABLE_CODE = YES;
				CLANG_WARN__DUPLICATE_METHOD_MATCH = YES;
				COPY_PHASE_STRIP = NO;
				DEBUG_INFORMATION_FORMAT = dwarf;
				ENABLE_STRICT_OBJC_MSGSEND = YES;
				ENABLE_TESTABILITY = YES;
				GCC_C_LANGUAGE_STANDARD = gnu11;
				GCC_DYNAMIC_NO_PIC = NO;
				GCC_NO_COMMON_BLOCKS = YES;
				GCC_OPTIMIZATION_LEVEL = 0;
				GCC_PREPROCESSOR_DEFINITIONS = (
					"DEBUG=1",
					"$(inherited)",
				);
				GCC_WARN_64_TO_32_BIT_CONVERSION = YES;
				GCC_WARN_ABOUT_RETURN_TYPE = YES_ERROR;
				GCC_WARN_UNDECLARED_SELECTOR = YES;
				GCC_WARN_UNINITIALIZED_AUTOS = YES_AGGRESSIVE;
				GCC_WARN_UNUSED_FUNCTION = YES;
				GCC_WARN_UNUSED_VARIABLE = YES;
				IPHONEOS_DEPLOYMENT_TARGET = 16.2;
				MTL_ENABLE_DEBUG_INFO = INCLUDE_SOURCE;
				MTL_FAST_MATH = YES;
				ONLY_ACTIVE_ARCH = YES;
				SDKROOT = iphoneos;
				SWIFT_ACTIVE_COMPILATION_CONDITIONS = DEBUG;
				SWIFT_OPTIMIZATION_LEVEL = "-Onone";
			};
			name = Debug;
		};
		10ABE6BD29CF3D1700A2F705 /* Release */ = {
			isa = XCBuildConfiguration;
			buildSettings = {
				ALWAYS_SEARCH_USER_PATHS = NO;
				CLANG_ANALYZER_NONNULL = YES;
				CLANG_ANALYZER_NUMBER_OBJECT_CONVERSION = YES_AGGRESSIVE;
				CLANG_CXX_LANGUAGE_STANDARD = "gnu++20";
				CLANG_ENABLE_MODULES = YES;
				CLANG_ENABLE_OBJC_ARC = YES;
				CLANG_ENABLE_OBJC_WEAK = YES;
				CLANG_WARN_BLOCK_CAPTURE_AUTORELEASING = YES;
				CLANG_WARN_BOOL_CONVERSION = YES;
				CLANG_WARN_COMMA = YES;
				CLANG_WARN_CONSTANT_CONVERSION = YES;
				CLANG_WARN_DEPRECATED_OBJC_IMPLEMENTATIONS = YES;
				CLANG_WARN_DIRECT_OBJC_ISA_USAGE = YES_ERROR;
				CLANG_WARN_DOCUMENTATION_COMMENTS = YES;
				CLANG_WARN_EMPTY_BODY = YES;
				CLANG_WARN_ENUM_CONVERSION = YES;
				CLANG_WARN_INFINITE_RECURSION = YES;
				CLANG_WARN_INT_CONVERSION = YES;
				CLANG_WARN_NON_LITERAL_NULL_CONVERSION = YES;
				CLANG_WARN_OBJC_IMPLICIT_RETAIN_SELF = YES;
				CLANG_WARN_OBJC_LITERAL_CONVERSION = YES;
				CLANG_WARN_OBJC_ROOT_CLASS = YES_ERROR;
				CLANG_WARN_QUOTED_INCLUDE_IN_FRAMEWORK_HEADER = YES;
				CLANG_WARN_RANGE_LOOP_ANALYSIS = YES;
				CLANG_WARN_STRICT_PROTOTYPES = YES;
				CLANG_WARN_SUSPICIOUS_MOVE = YES;
				CLANG_WARN_UNGUARDED_AVAILABILITY = YES_AGGRESSIVE;
				CLANG_WARN_UNREACHABLE_CODE = YES;
				CLANG_WARN__DUPLICATE_METHOD_MATCH = YES;
				COPY_PHASE_STRIP = NO;
				DEBUG_INFORMATION_FORMAT = "dwarf-with-dsym";
				ENABLE_NS_ASSERTIONS = NO;
				ENABLE_STRICT_OBJC_MSGSEND = YES;
				GCC_C_LANGUAGE_STANDARD = gnu11;
				GCC_NO_COMMON_BLOCKS = YES;
				GCC_WARN_64_TO_32_BIT_CONVERSION = YES;
				GCC_WARN_ABOUT_RETURN_TYPE = YES_ERROR;
				GCC_WARN_UNDECLARED_SELECTOR = YES;
				GCC_WARN_UNINITIALIZED_AUTOS = YES_AGGRESSIVE;
				GCC_WARN_UNUSED_FUNCTION = YES;
				GCC_WARN_UNUSED_VARIABLE = YES;
				IPHONEOS_DEPLOYMENT_TARGET = 16.2;
				MTL_ENABLE_DEBUG_INFO = NO;
				MTL_FAST_MATH = YES;
				SDKROOT = iphoneos;
				SWIFT_COMPILATION_MODE = wholemodule;
				SWIFT_OPTIMIZATION_LEVEL = "-O";
				VALIDATE_PRODUCT = YES;
			};
			name = Release;
		};
		10ABE6BF29CF3D1700A2F705 /* Debug */ = {
			isa = XCBuildConfiguration;
			buildSettings = {
				ASSETCATALOG_COMPILER_APPICON_NAME = AppIcon;
				ASSETCATALOG_COMPILER_GLOBAL_ACCENT_COLOR_NAME = AccentColor;
				CODE_SIGN_STYLE = Automatic;
				CURRENT_PROJECT_VERSION = 1;
				DEVELOPMENT_ASSET_PATHS = "\"SignEase/Preview Content\"";
				DEVELOPMENT_TEAM = 8JB77APLGL;
				ENABLE_PREVIEWS = YES;
				GENERATE_INFOPLIST_FILE = YES;
				INFOPLIST_FILE = SignEase/Info.plist;
				INFOPLIST_KEY_LSApplicationCategoryType = "public.app-category.social-networking";
				INFOPLIST_KEY_NSCameraUsageDescription = "Please Allow Acess to Camera";
				INFOPLIST_KEY_UIApplicationSceneManifest_Generation = YES;
				INFOPLIST_KEY_UIApplicationSupportsIndirectInputEvents = YES;
				INFOPLIST_KEY_UILaunchScreen_Generation = YES;
				INFOPLIST_KEY_UISupportedInterfaceOrientations_iPad = "UIInterfaceOrientationPortrait UIInterfaceOrientationPortraitUpsideDown UIInterfaceOrientationLandscapeLeft UIInterfaceOrientationLandscapeRight";
				INFOPLIST_KEY_UISupportedInterfaceOrientations_iPhone = "UIInterfaceOrientationPortrait UIInterfaceOrientationLandscapeLeft UIInterfaceOrientationLandscapeRight";
				IPHONEOS_DEPLOYMENT_TARGET = 15.0;
				LD_RUNPATH_SEARCH_PATHS = (
					"$(inherited)",
					"@executable_path/Frameworks",
				);
				MARKETING_VERSION = 1.0;
				PRODUCT_BUNDLE_IDENTIFIER = com.ladulghanneey.SignEase;
				PRODUCT_NAME = "$(TARGET_NAME)";
				SWIFT_EMIT_LOC_STRINGS = YES;
				SWIFT_VERSION = 5.0;
				TARGETED_DEVICE_FAMILY = "1,2";
			};
			name = Debug;
		};
		10ABE6C029CF3D1700A2F705 /* Release */ = {
			isa = XCBuildConfiguration;
			buildSettings = {
				ASSETCATALOG_COMPILER_APPICON_NAME = AppIcon;
				ASSETCATALOG_COMPILER_GLOBAL_ACCENT_COLOR_NAME = AccentColor;
				CODE_SIGN_STYLE = Automatic;
				CURRENT_PROJECT_VERSION = 1;
				DEVELOPMENT_ASSET_PATHS = "\"SignEase/Preview Content\"";
				DEVELOPMENT_TEAM = 8JB77APLGL;
				ENABLE_PREVIEWS = YES;
				GENERATE_INFOPLIST_FILE = YES;
				INFOPLIST_FILE = SignEase/Info.plist;
				INFOPLIST_KEY_LSApplicationCategoryType = "public.app-category.social-networking";
				INFOPLIST_KEY_NSCameraUsageDescription = "Please Allow Acess to Camera";
				INFOPLIST_KEY_UIApplicationSceneManifest_Generation = YES;
				INFOPLIST_KEY_UIApplicationSupportsIndirectInputEvents = YES;
				INFOPLIST_KEY_UILaunchScreen_Generation = YES;
				INFOPLIST_KEY_UISupportedInterfaceOrientations_iPad = "UIInterfaceOrientationPortrait UIInterfaceOrientationPortraitUpsideDown UIInterfaceOrientationLandscapeLeft UIInterfaceOrientationLandscapeRight";
				INFOPLIST_KEY_UISupportedInterfaceOrientations_iPhone = "UIInterfaceOrientationPortrait UIInterfaceOrientationLandscapeLeft UIInterfaceOrientationLandscapeRight";
				IPHONEOS_DEPLOYMENT_TARGET = 15.0;
				LD_RUNPATH_SEARCH_PATHS = (
					"$(inherited)",
					"@executable_path/Frameworks",
				);
				MARKETING_VERSION = 1.0;
				PRODUCT_BUNDLE_IDENTIFIER = com.ladulghanneey.SignEase;
				PRODUCT_NAME = "$(TARGET_NAME)";
				SWIFT_EMIT_LOC_STRINGS = YES;
				SWIFT_VERSION = 5.0;
				TARGETED_DEVICE_FAMILY = "1,2";
			};
			name = Release;
		};
/* End XCBuildConfiguration section */

/* Begin XCConfigurationList section */
		10ABE6AB29CF3D1400A2F705 /* Build configuration list for PBXProject "SignEase" */ = {
			isa = XCConfigurationList;
			buildConfigurations = (
				10ABE6BC29CF3D1700A2F705 /* Debug */,
				10ABE6BD29CF3D1700A2F705 /* Release */,
			);
			defaultConfigurationIsVisible = 0;
			defaultConfigurationName = Release;
		};
		10ABE6BE29CF3D1700A2F705 /* Build configuration list for PBXNativeTarget "SignEase" */ = {
			isa = XCConfigurationList;
			buildConfigurations = (
				10ABE6BF29CF3D1700A2F705 /* Debug */,
				10ABE6C029CF3D1700A2F705 /* Release */,
			);
			defaultConfigurationIsVisible = 0;
			defaultConfigurationName = Release;
		};
/* End XCConfigurationList section */
	};
	rootObject = 10ABE6A829CF3D1400A2F705 /* Project object */;
}
