// !$*UTF8*$!
{
	archiveVersion = 1;
	classes = {
	};
	objectVersion = 56;
	objects = {

/* Begin PBXBuildFile section */
		10064A1829E5904E0085B100 /* CommunicatorView.swift in Sources */ = {isa = PBXBuildFile; fileRef = 10064A1729E5904E0085B100 /* CommunicatorView.swift */; };
		10064A1B29E590FB0085B100 /* AugmentedReality.swift in Sources */ = {isa = PBXBuildFile; fileRef = 10064A1A29E590FB0085B100 /* AugmentedReality.swift */; };
		100FD48429D472700016184B /* CameraView.swift in Sources */ = {isa = PBXBuildFile; fileRef = 100FD48329D472700016184B /* CameraView.swift */; };
		105CE3C92A1504A000E44634 /* NewChatView.swift in Sources */ = {isa = PBXBuildFile; fileRef = 105CE3C82A1504A000E44634 /* NewChatView.swift */; };
		105CE3CB2A15067F00E44634 /* ChatListItems.swift in Sources */ = {isa = PBXBuildFile; fileRef = 105CE3CA2A15067F00E44634 /* ChatListItems.swift */; };
		105CE3CD2A15158400E44634 /* chatItemView.swift in Sources */ = {isa = PBXBuildFile; fileRef = 105CE3CC2A15158400E44634 /* chatItemView.swift */; };
		105CE3CF2A15495300E44634 /* FriendView.swift in Sources */ = {isa = PBXBuildFile; fileRef = 105CE3CE2A15494700E44634 /* FriendView.swift */; };
		105CE3D12A154DA900E44634 /* SearchViewData.swift in Sources */ = {isa = PBXBuildFile; fileRef = 105CE3D02A154DA900E44634 /* SearchViewData.swift */; };
		1067B3DF2A16858000B34D03 /* SwiftUIView.swift in Sources */ = {isa = PBXBuildFile; fileRef = 1067B3DE2A16858000B34D03 /* SwiftUIView.swift */; };
		1067B3E12A16926400B34D03 /* SearchResultView.swift in Sources */ = {isa = PBXBuildFile; fileRef = 1067B3E02A16926400B34D03 /* SearchResultView.swift */; };
		1067B3E32A16C49B00B34D03 /* FriendsModel.swift in Sources */ = {isa = PBXBuildFile; fileRef = 1067B3E22A16C49B00B34D03 /* FriendsModel.swift */; };
		1086BDBC2A0FCDBF00B13586 /* Styles.swift in Sources */ = {isa = PBXBuildFile; fileRef = 1086BDBB2A0FCDBF00B13586 /* Styles.swift */; };
		1086BDBF2A0FD4A600B13586 /* SignUp.swift in Sources */ = {isa = PBXBuildFile; fileRef = 1086BDBE2A0FD4A600B13586 /* SignUp.swift */; };
		1086BDC12A0FD9D500B13586 /* CustomFieldModifier.swift in Sources */ = {isa = PBXBuildFile; fileRef = 1086BDC02A0FD9D500B13586 /* CustomFieldModifier.swift */; };
		1086BDC32A0FDC6300B13586 /* Button.swift in Sources */ = {isa = PBXBuildFile; fileRef = 1086BDC22A0FDC6300B13586 /* Button.swift */; };
		1086BDC72A0FE84A00B13586 /* GoogleService-Info.plist in Resources */ = {isa = PBXBuildFile; fileRef = 1086BDC62A0FE84A00B13586 /* GoogleService-Info.plist */; };
		1086BDC92A0FF1A200B13586 /* Authentication.swift in Sources */ = {isa = PBXBuildFile; fileRef = 1086BDC82A0FF1A200B13586 /* Authentication.swift */; };
		1086BDCB2A10189200B13586 /* ChatView.swift in Sources */ = {isa = PBXBuildFile; fileRef = 1086BDCA2A10189200B13586 /* ChatView.swift */; };
		10ABE6B429CF3D1400A2F705 /* SignEaseApp.swift in Sources */ = {isa = PBXBuildFile; fileRef = 10ABE6B329CF3D1400A2F705 /* SignEaseApp.swift */; };
		10ABE6B629CF3D1400A2F705 /* ContentView.swift in Sources */ = {isa = PBXBuildFile; fileRef = 10ABE6B529CF3D1400A2F705 /* ContentView.swift */; };
		10ABE6B829CF3D1700A2F705 /* Assets.xcassets in Resources */ = {isa = PBXBuildFile; fileRef = 10ABE6B729CF3D1700A2F705 /* Assets.xcassets */; };
		10ABE6BB29CF3D1700A2F705 /* Preview Assets.xcassets in Resources */ = {isa = PBXBuildFile; fileRef = 10ABE6BA29CF3D1700A2F705 /* Preview Assets.xcassets */; };
		10B7765E2A121287002CF0F1 /* SignViewData.swift in Sources */ = {isa = PBXBuildFile; fileRef = 10B7765D2A121287002CF0F1 /* SignViewData.swift */; };
		10B776642A12176C002CF0F1 /* ProfileModel.swift in Sources */ = {isa = PBXBuildFile; fileRef = 10B776632A12176C002CF0F1 /* ProfileModel.swift */; };
		10B776672A124D53002CF0F1 /* TabBar.swift in Sources */ = {isa = PBXBuildFile; fileRef = 10B776662A124D53002CF0F1 /* TabBar.swift */; };
		10B776692A124D9E002CF0F1 /* TabItems.swift in Sources */ = {isa = PBXBuildFile; fileRef = 10B776682A124D9E002CF0F1 /* TabItems.swift */; };
		10B7766B2A124F44002CF0F1 /* PrefrenceKey.swift in Sources */ = {isa = PBXBuildFile; fileRef = 10B7766A2A124F44002CF0F1 /* PrefrenceKey.swift */; };
		10B7766D2A124FBF002CF0F1 /* Animations.swift in Sources */ = {isa = PBXBuildFile; fileRef = 10B7766C2A124FBF002CF0F1 /* Animations.swift */; };
		10B776722A125421002CF0F1 /* AccountView.swift in Sources */ = {isa = PBXBuildFile; fileRef = 10B776712A125421002CF0F1 /* AccountView.swift */; };
		10B776782A125842002CF0F1 /* ProfileView.swift in Sources */ = {isa = PBXBuildFile; fileRef = 10B776772A125842002CF0F1 /* ProfileView.swift */; };
		10C0D4DB2A0E799B007668B3 /* FirebaseAnalytics in Frameworks */ = {isa = PBXBuildFile; productRef = 10C0D4DA2A0E799B007668B3 /* FirebaseAnalytics */; };
		10C0D4DD2A0E799B007668B3 /* FirebaseAuth in Frameworks */ = {isa = PBXBuildFile; productRef = 10C0D4DC2A0E799B007668B3 /* FirebaseAuth */; };
		10C0D4DF2A0E799B007668B3 /* FirebaseAuthCombine-Community in Frameworks */ = {isa = PBXBuildFile; productRef = 10C0D4DE2A0E799B007668B3 /* FirebaseAuthCombine-Community */; };
		10C0D4E12A0E799B007668B3 /* FirebaseDatabase in Frameworks */ = {isa = PBXBuildFile; productRef = 10C0D4E02A0E799B007668B3 /* FirebaseDatabase */; };
		10C0D4E32A0E799B007668B3 /* FirebaseFirestore in Frameworks */ = {isa = PBXBuildFile; productRef = 10C0D4E22A0E799B007668B3 /* FirebaseFirestore */; };
		10C0D4E52A0E799B007668B3 /* FirebaseFirestoreCombine-Community in Frameworks */ = {isa = PBXBuildFile; productRef = 10C0D4E42A0E799B007668B3 /* FirebaseFirestoreCombine-Community */; };
		10C0D4E72A0E799B007668B3 /* FirebaseFirestoreSwift in Frameworks */ = {isa = PBXBuildFile; productRef = 10C0D4E62A0E799B007668B3 /* FirebaseFirestoreSwift */; };
		10C0D4E92A0E799B007668B3 /* FirebaseStorage in Frameworks */ = {isa = PBXBuildFile; productRef = 10C0D4E82A0E799B007668B3 /* FirebaseStorage */; };
		10C0D4EB2A0E799B007668B3 /* FirebaseStorageCombine-Community in Frameworks */ = {isa = PBXBuildFile; productRef = 10C0D4EA2A0E799B007668B3 /* FirebaseStorageCombine-Community */; };
		10C0D4F12A0EBF70007668B3 /* SignIn.swift in Sources */ = {isa = PBXBuildFile; fileRef = 10C0D4F02A0EBF70007668B3 /* SignIn.swift */; };
		10CB41BE2A125FAB00C28E59 /* RootView.swift in Sources */ = {isa = PBXBuildFile; fileRef = 10CB41BD2A125FAB00C28E59 /* RootView.swift */; };
		10D0B6A42A0CBAF300570BA4 /* ASLDetector1.mlmodel in Sources */ = {isa = PBXBuildFile; fileRef = 10D0B6A32A0CBAF300570BA4 /* ASLDetector1.mlmodel */; };
		10F80BE82A0BEFC900AF0327 /* ObjectDetector1.swift in Sources */ = {isa = PBXBuildFile; fileRef = 10F80BE72A0BEFC900AF0327 /* ObjectDetector1.swift */; };
/* End PBXBuildFile section */

/* Begin PBXFileReference section */
		10064A1729E5904E0085B100 /* CommunicatorView.swift */ = {isa = PBXFileReference; lastKnownFileType = sourcecode.swift; path = CommunicatorView.swift; sourceTree = "<group>"; };
		10064A1A29E590FB0085B100 /* AugmentedReality.swift */ = {isa = PBXFileReference; lastKnownFileType = sourcecode.swift; path = AugmentedReality.swift; sourceTree = "<group>"; };
		100FD48329D472700016184B /* CameraView.swift */ = {isa = PBXFileReference; lastKnownFileType = sourcecode.swift; path = CameraView.swift; sourceTree = "<group>"; };
		105CE3C82A1504A000E44634 /* NewChatView.swift */ = {isa = PBXFileReference; lastKnownFileType = sourcecode.swift; path = NewChatView.swift; sourceTree = "<group>"; };
		105CE3CA2A15067F00E44634 /* ChatListItems.swift */ = {isa = PBXFileReference; lastKnownFileType = sourcecode.swift; path = ChatListItems.swift; sourceTree = "<group>"; };
		105CE3CC2A15158400E44634 /* chatItemView.swift */ = {isa = PBXFileReference; lastKnownFileType = sourcecode.swift; path = chatItemView.swift; sourceTree = "<group>"; };
		105CE3CE2A15494700E44634 /* FriendView.swift */ = {isa = PBXFileReference; lastKnownFileType = sourcecode.swift; path = FriendView.swift; sourceTree = "<group>"; };
		105CE3D02A154DA900E44634 /* SearchViewData.swift */ = {isa = PBXFileReference; lastKnownFileType = sourcecode.swift; path = SearchViewData.swift; sourceTree = "<group>"; };
		1067B3DE2A16858000B34D03 /* SwiftUIView.swift */ = {isa = PBXFileReference; lastKnownFileType = sourcecode.swift; path = SwiftUIView.swift; sourceTree = "<group>"; };
		1067B3E02A16926400B34D03 /* SearchResultView.swift */ = {isa = PBXFileReference; lastKnownFileType = sourcecode.swift; path = SearchResultView.swift; sourceTree = "<group>"; };
		1067B3E22A16C49B00B34D03 /* FriendsModel.swift */ = {isa = PBXFileReference; lastKnownFileType = sourcecode.swift; path = FriendsModel.swift; sourceTree = "<group>"; };
		1086BDBB2A0FCDBF00B13586 /* Styles.swift */ = {isa = PBXFileReference; lastKnownFileType = sourcecode.swift; path = Styles.swift; sourceTree = "<group>"; };
		1086BDBE2A0FD4A600B13586 /* SignUp.swift */ = {isa = PBXFileReference; lastKnownFileType = sourcecode.swift; path = SignUp.swift; sourceTree = "<group>"; };
		1086BDC02A0FD9D500B13586 /* CustomFieldModifier.swift */ = {isa = PBXFileReference; fileEncoding = 4; lastKnownFileType = sourcecode.swift; path = CustomFieldModifier.swift; sourceTree = "<group>"; };
		1086BDC22A0FDC6300B13586 /* Button.swift */ = {isa = PBXFileReference; lastKnownFileType = sourcecode.swift; path = Button.swift; sourceTree = "<group>"; };
		1086BDC62A0FE84A00B13586 /* GoogleService-Info.plist */ = {isa = PBXFileReference; fileEncoding = 4; lastKnownFileType = text.plist.xml; path = "GoogleService-Info.plist"; sourceTree = "<group>"; };
		1086BDC82A0FF1A200B13586 /* Authentication.swift */ = {isa = PBXFileReference; lastKnownFileType = sourcecode.swift; path = Authentication.swift; sourceTree = "<group>"; };
		1086BDCA2A10189200B13586 /* ChatView.swift */ = {isa = PBXFileReference; lastKnownFileType = sourcecode.swift; path = ChatView.swift; sourceTree = "<group>"; };
		10ABE6B029CF3D1400A2F705 /* SignEase.app */ = {isa = PBXFileReference; explicitFileType = wrapper.application; includeInIndex = 0; path = SignEase.app; sourceTree = BUILT_PRODUCTS_DIR; };
		10ABE6B329CF3D1400A2F705 /* SignEaseApp.swift */ = {isa = PBXFileReference; lastKnownFileType = sourcecode.swift; path = SignEaseApp.swift; sourceTree = "<group>"; };
		10ABE6B529CF3D1400A2F705 /* ContentView.swift */ = {isa = PBXFileReference; lastKnownFileType = sourcecode.swift; path = ContentView.swift; sourceTree = "<group>"; };
		10ABE6B729CF3D1700A2F705 /* Assets.xcassets */ = {isa = PBXFileReference; lastKnownFileType = folder.assetcatalog; path = Assets.xcassets; sourceTree = "<group>"; };
		10ABE6BA29CF3D1700A2F705 /* Preview Assets.xcassets */ = {isa = PBXFileReference; lastKnownFileType = folder.assetcatalog; path = "Preview Assets.xcassets"; sourceTree = "<group>"; };
		10B7765D2A121287002CF0F1 /* SignViewData.swift */ = {isa = PBXFileReference; lastKnownFileType = sourcecode.swift; path = SignViewData.swift; sourceTree = "<group>"; };
		10B776632A12176C002CF0F1 /* ProfileModel.swift */ = {isa = PBXFileReference; lastKnownFileType = sourcecode.swift; path = ProfileModel.swift; sourceTree = "<group>"; };
		10B776662A124D53002CF0F1 /* TabBar.swift */ = {isa = PBXFileReference; lastKnownFileType = sourcecode.swift; path = TabBar.swift; sourceTree = "<group>"; };
		10B776682A124D9E002CF0F1 /* TabItems.swift */ = {isa = PBXFileReference; lastKnownFileType = sourcecode.swift; path = TabItems.swift; sourceTree = "<group>"; };
		10B7766A2A124F44002CF0F1 /* PrefrenceKey.swift */ = {isa = PBXFileReference; lastKnownFileType = sourcecode.swift; path = PrefrenceKey.swift; sourceTree = "<group>"; };
		10B7766C2A124FBF002CF0F1 /* Animations.swift */ = {isa = PBXFileReference; lastKnownFileType = sourcecode.swift; path = Animations.swift; sourceTree = "<group>"; };
		10B776712A125421002CF0F1 /* AccountView.swift */ = {isa = PBXFileReference; lastKnownFileType = sourcecode.swift; path = AccountView.swift; sourceTree = "<group>"; };
		10B776772A125842002CF0F1 /* ProfileView.swift */ = {isa = PBXFileReference; lastKnownFileType = sourcecode.swift; path = ProfileView.swift; sourceTree = "<group>"; };
		10C0D4D72A0E7632007668B3 /* Info.plist */ = {isa = PBXFileReference; fileEncoding = 4; lastKnownFileType = text.plist.xml; path = Info.plist; sourceTree = "<group>"; };
		10C0D4F02A0EBF70007668B3 /* SignIn.swift */ = {isa = PBXFileReference; lastKnownFileType = sourcecode.swift; path = SignIn.swift; sourceTree = "<group>"; };
		10CB41BD2A125FAB00C28E59 /* RootView.swift */ = {isa = PBXFileReference; lastKnownFileType = sourcecode.swift; path = RootView.swift; sourceTree = "<group>"; };
		10D0B6A32A0CBAF300570BA4 /* ASLDetector1.mlmodel */ = {isa = PBXFileReference; lastKnownFileType = file.mlmodel; path = ASLDetector1.mlmodel; sourceTree = "<group>"; };
		10F80BE72A0BEFC900AF0327 /* ObjectDetector1.swift */ = {isa = PBXFileReference; fileEncoding = 4; lastKnownFileType = sourcecode.swift; path = ObjectDetector1.swift; sourceTree = "<group>"; };
/* End PBXFileReference section */

/* Begin PBXFrameworksBuildPhase section */
		10ABE6AD29CF3D1400A2F705 /* Frameworks */ = {
			isa = PBXFrameworksBuildPhase;
			buildActionMask = 2147483647;
			files = (
				10C0D4DB2A0E799B007668B3 /* FirebaseAnalytics in Frameworks */,
				10C0D4DF2A0E799B007668B3 /* FirebaseAuthCombine-Community in Frameworks */,
				10C0D4E12A0E799B007668B3 /* FirebaseDatabase in Frameworks */,
				10C0D4E72A0E799B007668B3 /* FirebaseFirestoreSwift in Frameworks */,
				10C0D4E52A0E799B007668B3 /* FirebaseFirestoreCombine-Community in Frameworks */,
				10C0D4E92A0E799B007668B3 /* FirebaseStorage in Frameworks */,
				10C0D4E32A0E799B007668B3 /* FirebaseFirestore in Frameworks */,
				10C0D4EB2A0E799B007668B3 /* FirebaseStorageCombine-Community in Frameworks */,
				10C0D4DD2A0E799B007668B3 /* FirebaseAuth in Frameworks */,
			);
			runOnlyForDeploymentPostprocessing = 0;
		};
/* End PBXFrameworksBuildPhase section */

/* Begin PBXGroup section */
		10064A1629E5902A0085B100 /* Component */ = {
			isa = PBXGroup;
			children = (
				10B7765C2A12124F002CF0F1 /* Authentication */,
				1086BDC22A0FDC6300B13586 /* Button.swift */,
				1067B3E02A16926400B34D03 /* SearchResultView.swift */,
			);
			path = Component;
			sourceTree = "<group>";
		};
		10064A1E29E5B0860085B100 /* Model */ = {
			isa = PBXGroup;
			children = (
				1086BDC82A0FF1A200B13586 /* Authentication.swift */,
				10B776632A12176C002CF0F1 /* ProfileModel.swift */,
				10B7766A2A124F44002CF0F1 /* PrefrenceKey.swift */,
				10B7765D2A121287002CF0F1 /* SignViewData.swift */,
				105CE3D02A154DA900E44634 /* SearchViewData.swift */,
				1067B3E22A16C49B00B34D03 /* FriendsModel.swift */,
				10F80BE72A0BEFC900AF0327 /* ObjectDetector1.swift */,
				10B776682A124D9E002CF0F1 /* TabItems.swift */,
				105CE3CA2A15067F00E44634 /* ChatListItems.swift */,
			);
			path = Model;
			sourceTree = "<group>";
		};
		105CE3C72A15047E00E44634 /* Chat */ = {
			isa = PBXGroup;
			children = (
				105CE3C82A1504A000E44634 /* NewChatView.swift */,
				105CE3CC2A15158400E44634 /* chatItemView.swift */,
			);
			path = Chat;
			sourceTree = "<group>";
		};
		1086BDBD2A0FCDC500B13586 /* Styles */ = {
			isa = PBXGroup;
			children = (
				1086BDC02A0FD9D500B13586 /* CustomFieldModifier.swift */,
				1086BDBB2A0FCDBF00B13586 /* Styles.swift */,
				10B7766C2A124FBF002CF0F1 /* Animations.swift */,
			);
			path = Styles;
			sourceTree = "<group>";
		};
		10ABE6A729CF3D1400A2F705 = {
			isa = PBXGroup;
			children = (
				10ABE6B229CF3D1400A2F705 /* SignEase */,
				10ABE6B129CF3D1400A2F705 /* Products */,
				10CB41C02A12A18900C28E59 /* Frameworks */,
			);
			sourceTree = "<group>";
		};
		10ABE6B129CF3D1400A2F705 /* Products */ = {
			isa = PBXGroup;
			children = (
				10ABE6B029CF3D1400A2F705 /* SignEase.app */,
			);
			name = Products;
			sourceTree = "<group>";
		};
		10ABE6B229CF3D1400A2F705 /* SignEase */ = {
			isa = PBXGroup;
			children = (
				10ABE6B329CF3D1400A2F705 /* SignEaseApp.swift */,
				1086BDC62A0FE84A00B13586 /* GoogleService-Info.plist */,
				10C0D4D72A0E7632007668B3 /* Info.plist */,
				10ABE6C129CF3E7500A2F705 /* View */,
				10ABE6C229CF3E8200A2F705 /* MLModel */,
				10ABE6B729CF3D1700A2F705 /* Assets.xcassets */,
				10064A1E29E5B0860085B100 /* Model */,
				1086BDBD2A0FCDC500B13586 /* Styles */,
				10064A1629E5902A0085B100 /* Component */,
				10ABE6B929CF3D1700A2F705 /* Preview Content */,
			);
			path = SignEase;
			sourceTree = "<group>";
		};
		10ABE6B929CF3D1700A2F705 /* Preview Content */ = {
			isa = PBXGroup;
			children = (
				10ABE6BA29CF3D1700A2F705 /* Preview Assets.xcassets */,
			);
			path = "Preview Content";
			sourceTree = "<group>";
		};
		10ABE6C129CF3E7500A2F705 /* View */ = {
			isa = PBXGroup;
			children = (
				10B776652A124D38002CF0F1 /* NavigationView */,
				10CB41BF2A12612F00C28E59 /* Main */,
				10B776702A125400002CF0F1 /* AccountView */,
			);
			path = View;
			sourceTree = "<group>";
		};
		10ABE6C229CF3E8200A2F705 /* MLModel */ = {
			isa = PBXGroup;
			children = (
				10D0B6A32A0CBAF300570BA4 /* ASLDetector1.mlmodel */,
			);
			path = MLModel;
			sourceTree = "<group>";
		};
		10B7765C2A12124F002CF0F1 /* Authentication */ = {
			isa = PBXGroup;
			children = (
				1086BDBE2A0FD4A600B13586 /* SignUp.swift */,
				10C0D4F02A0EBF70007668B3 /* SignIn.swift */,
				105CE3C72A15047E00E44634 /* Chat */,
			);
			path = Authentication;
			sourceTree = "<group>";
		};
		10B776652A124D38002CF0F1 /* NavigationView */ = {
			isa = PBXGroup;
			children = (
				10ABE6B529CF3D1400A2F705 /* ContentView.swift */,
				10B776662A124D53002CF0F1 /* TabBar.swift */,
			);
			path = NavigationView;
			sourceTree = "<group>";
		};
		10B776702A125400002CF0F1 /* AccountView */ = {
			isa = PBXGroup;
			children = (
				10B776712A125421002CF0F1 /* AccountView.swift */,
				10B776772A125842002CF0F1 /* ProfileView.swift */,
				105CE3CE2A15494700E44634 /* FriendView.swift */,
			);
			path = AccountView;
			sourceTree = "<group>";
		};
		10CB41BF2A12612F00C28E59 /* Main */ = {
			isa = PBXGroup;
			children = (
				1086BDCA2A10189200B13586 /* ChatView.swift */,
				100FD48329D472700016184B /* CameraView.swift */,
				10064A1A29E590FB0085B100 /* AugmentedReality.swift */,
				10064A1729E5904E0085B100 /* CommunicatorView.swift */,
				10CB41BD2A125FAB00C28E59 /* RootView.swift */,
				1067B3DE2A16858000B34D03 /* SwiftUIView.swift */,
			);
			path = Main;
			sourceTree = "<group>";
		};
		10CB41C02A12A18900C28E59 /* Frameworks */ = {
			isa = PBXGroup;
			children = (
			);
			name = Frameworks;
			sourceTree = "<group>";
		};
/* End PBXGroup section */

/* Begin PBXNativeTarget section */
		10ABE6AF29CF3D1400A2F705 /* SignEase */ = {
			isa = PBXNativeTarget;
			buildConfigurationList = 10ABE6BE29CF3D1700A2F705 /* Build configuration list for PBXNativeTarget "SignEase" */;
			buildPhases = (
				10ABE6AC29CF3D1400A2F705 /* Sources */,
				10ABE6AD29CF3D1400A2F705 /* Frameworks */,
				10ABE6AE29CF3D1400A2F705 /* Resources */,
			);
			buildRules = (
			);
			dependencies = (
			);
			name = SignEase;
			packageProductDependencies = (
				10C0D4DA2A0E799B007668B3 /* FirebaseAnalytics */,
				10C0D4DC2A0E799B007668B3 /* FirebaseAuth */,
				10C0D4DE2A0E799B007668B3 /* FirebaseAuthCombine-Community */,
				10C0D4E02A0E799B007668B3 /* FirebaseDatabase */,
				10C0D4E22A0E799B007668B3 /* FirebaseFirestore */,
				10C0D4E42A0E799B007668B3 /* FirebaseFirestoreCombine-Community */,
				10C0D4E62A0E799B007668B3 /* FirebaseFirestoreSwift */,
				10C0D4E82A0E799B007668B3 /* FirebaseStorage */,
				10C0D4EA2A0E799B007668B3 /* FirebaseStorageCombine-Community */,
			);
			productName = SignEase;
			productReference = 10ABE6B029CF3D1400A2F705 /* SignEase.app */;
			productType = "com.apple.product-type.application";
		};
/* End PBXNativeTarget section */

/* Begin PBXProject section */
		10ABE6A829CF3D1400A2F705 /* Project object */ = {
			isa = PBXProject;
			attributes = {
				BuildIndependentTargetsInParallel = 1;
				LastSwiftUpdateCheck = 1420;
				LastUpgradeCheck = 1420;
				TargetAttributes = {
					10ABE6AF29CF3D1400A2F705 = {
						CreatedOnToolsVersion = 14.2;
					};
				};
			};
			buildConfigurationList = 10ABE6AB29CF3D1400A2F705 /* Build configuration list for PBXProject "SignEase" */;
			compatibilityVersion = "Xcode 14.0";
			developmentRegion = en;
			hasScannedForEncodings = 0;
			knownRegions = (
				en,
				Base,
			);
			mainGroup = 10ABE6A729CF3D1400A2F705;
			packageReferences = (
				10C0D4D92A0E799B007668B3 /* XCRemoteSwiftPackageReference "firebase-ios-sdk" */,
			);
			productRefGroup = 10ABE6B129CF3D1400A2F705 /* Products */;
			projectDirPath = "";
			projectRoot = "";
			targets = (
				10ABE6AF29CF3D1400A2F705 /* SignEase */,
			);
		};
/* End PBXProject section */

/* Begin PBXResourcesBuildPhase section */
		10ABE6AE29CF3D1400A2F705 /* Resources */ = {
			isa = PBXResourcesBuildPhase;
			buildActionMask = 2147483647;
			files = (
				10ABE6BB29CF3D1700A2F705 /* Preview Assets.xcassets in Resources */,
				10ABE6B829CF3D1700A2F705 /* Assets.xcassets in Resources */,
				1086BDC72A0FE84A00B13586 /* GoogleService-Info.plist in Resources */,
			);
			runOnlyForDeploymentPostprocessing = 0;
		};
/* End PBXResourcesBuildPhase section */

/* Begin PBXSourcesBuildPhase section */
		10ABE6AC29CF3D1400A2F705 /* Sources */ = {
			isa = PBXSourcesBuildPhase;
			buildActionMask = 2147483647;
			files = (
				10D0B6A42A0CBAF300570BA4 /* ASLDetector1.mlmodel in Sources */,
				105CE3C92A1504A000E44634 /* NewChatView.swift in Sources */,
				1086BDCB2A10189200B13586 /* ChatView.swift in Sources */,
				1086BDBC2A0FCDBF00B13586 /* Styles.swift in Sources */,
				1086BDBF2A0FD4A600B13586 /* SignUp.swift in Sources */,
				10B776692A124D9E002CF0F1 /* TabItems.swift in Sources */,
				10064A1829E5904E0085B100 /* CommunicatorView.swift in Sources */,
				105CE3CB2A15067F00E44634 /* ChatListItems.swift in Sources */,
				1067B3E32A16C49B00B34D03 /* FriendsModel.swift in Sources */,
				1086BDC92A0FF1A200B13586 /* Authentication.swift in Sources */,
				10CB41BE2A125FAB00C28E59 /* RootView.swift in Sources */,
				105CE3CD2A15158400E44634 /* chatItemView.swift in Sources */,
				10B776722A125421002CF0F1 /* AccountView.swift in Sources */,
				10064A1B29E590FB0085B100 /* AugmentedReality.swift in Sources */,
				10B7766B2A124F44002CF0F1 /* PrefrenceKey.swift in Sources */,
				1086BDC12A0FD9D500B13586 /* CustomFieldModifier.swift in Sources */,
				10B776672A124D53002CF0F1 /* TabBar.swift in Sources */,
				10B776642A12176C002CF0F1 /* ProfileModel.swift in Sources */,
				10F80BE82A0BEFC900AF0327 /* ObjectDetector1.swift in Sources */,
				100FD48429D472700016184B /* CameraView.swift in Sources */,
				1067B3E12A16926400B34D03 /* SearchResultView.swift in Sources */,
				105CE3CF2A15495300E44634 /* FriendView.swift in Sources */,
				10C0D4F12A0EBF70007668B3 /* SignIn.swift in Sources */,
				10ABE6B629CF3D1400A2F705 /* ContentView.swift in Sources */,
				105CE3D12A154DA900E44634 /* SearchViewData.swift in Sources */,
				1086BDC32A0FDC6300B13586 /* Button.swift in Sources */,
				10B7765E2A121287002CF0F1 /* SignViewData.swift in Sources */,
				10ABE6B429CF3D1400A2F705 /* SignEaseApp.swift in Sources */,
				1067B3DF2A16858000B34D03 /* SwiftUIView.swift in Sources */,
				10B776782A125842002CF0F1 /* ProfileView.swift in Sources */,
				10B7766D2A124FBF002CF0F1 /* Animations.swift in Sources */,
			);
			runOnlyForDeploymentPostprocessing = 0;
		};
/* End PBXSourcesBuildPhase section */

/* Begin XCBuildConfiguration section */
		10ABE6BC29CF3D1700A2F705 /* Debug */ = {
			isa = XCBuildConfiguration;
			buildSettings = {
				ALWAYS_SEARCH_USER_PATHS = NO;
				CLANG_ANALYZER_NONNULL = YES;
				CLANG_ANALYZER_NUMBER_OBJECT_CONVERSION = YES_AGGRESSIVE;
				CLANG_CXX_LANGUAGE_STANDARD = "gnu++20";
				CLANG_ENABLE_MODULES = YES;
				CLANG_ENABLE_OBJC_ARC = YES;
				CLANG_ENABLE_OBJC_WEAK = YES;
				CLANG_WARN_BLOCK_CAPTURE_AUTORELEASING = YES;
				CLANG_WARN_BOOL_CONVERSION = YES;
				CLANG_WARN_COMMA = YES;
				CLANG_WARN_CONSTANT_CONVERSION = YES;
				CLANG_WARN_DEPRECATED_OBJC_IMPLEMENTATIONS = YES;
				CLANG_WARN_DIRECT_OBJC_ISA_USAGE = YES_ERROR;
				CLANG_WARN_DOCUMENTATION_COMMENTS = YES;
				CLANG_WARN_EMPTY_BODY = YES;
				CLANG_WARN_ENUM_CONVERSION = YES;
				CLANG_WARN_INFINITE_RECURSION = YES;
				CLANG_WARN_INT_CONVERSION = YES;
				CLANG_WARN_NON_LITERAL_NULL_CONVERSION = YES;
				CLANG_WARN_OBJC_IMPLICIT_RETAIN_SELF = YES;
				CLANG_WARN_OBJC_LITERAL_CONVERSION = YES;
				CLANG_WARN_OBJC_ROOT_CLASS = YES_ERROR;
				CLANG_WARN_QUOTED_INCLUDE_IN_FRAMEWORK_HEADER = YES;
				CLANG_WARN_RANGE_LOOP_ANALYSIS = YES;
				CLANG_WARN_STRICT_PROTOTYPES = YES;
				CLANG_WARN_SUSPICIOUS_MOVE = YES;
				CLANG_WARN_UNGUARDED_AVAILABILITY = YES_AGGRESSIVE;
				CLANG_WARN_UNREACHABLE_CODE = YES;
				CLANG_WARN__DUPLICATE_METHOD_MATCH = YES;
				COPY_PHASE_STRIP = NO;
				DEBUG_INFORMATION_FORMAT = dwarf;
				ENABLE_STRICT_OBJC_MSGSEND = YES;
				ENABLE_TESTABILITY = YES;
				GCC_C_LANGUAGE_STANDARD = gnu11;
				GCC_DYNAMIC_NO_PIC = NO;
				GCC_NO_COMMON_BLOCKS = YES;
				GCC_OPTIMIZATION_LEVEL = 0;
				GCC_PREPROCESSOR_DEFINITIONS = (
					"DEBUG=1",
					"$(inherited)",
				);
				GCC_WARN_64_TO_32_BIT_CONVERSION = YES;
				GCC_WARN_ABOUT_RETURN_TYPE = YES_ERROR;
				GCC_WARN_UNDECLARED_SELECTOR = YES;
				GCC_WARN_UNINITIALIZED_AUTOS = YES_AGGRESSIVE;
				GCC_WARN_UNUSED_FUNCTION = YES;
				GCC_WARN_UNUSED_VARIABLE = YES;
				IPHONEOS_DEPLOYMENT_TARGET = 16.2;
				MTL_ENABLE_DEBUG_INFO = INCLUDE_SOURCE;
				MTL_FAST_MATH = YES;
				ONLY_ACTIVE_ARCH = YES;
				SDKROOT = iphoneos;
				SWIFT_ACTIVE_COMPILATION_CONDITIONS = DEBUG;
				SWIFT_OPTIMIZATION_LEVEL = "-Onone";
			};
			name = Debug;
		};
		10ABE6BD29CF3D1700A2F705 /* Release */ = {
			isa = XCBuildConfiguration;
			buildSettings = {
				ALWAYS_SEARCH_USER_PATHS = NO;
				CLANG_ANALYZER_NONNULL = YES;
				CLANG_ANALYZER_NUMBER_OBJECT_CONVERSION = YES_AGGRESSIVE;
				CLANG_CXX_LANGUAGE_STANDARD = "gnu++20";
				CLANG_ENABLE_MODULES = YES;
				CLANG_ENABLE_OBJC_ARC = YES;
				CLANG_ENABLE_OBJC_WEAK = YES;
				CLANG_WARN_BLOCK_CAPTURE_AUTORELEASING = YES;
				CLANG_WARN_BOOL_CONVERSION = YES;
				CLANG_WARN_COMMA = YES;
				CLANG_WARN_CONSTANT_CONVERSION = YES;
				CLANG_WARN_DEPRECATED_OBJC_IMPLEMENTATIONS = YES;
				CLANG_WARN_DIRECT_OBJC_ISA_USAGE = YES_ERROR;
				CLANG_WARN_DOCUMENTATION_COMMENTS = YES;
				CLANG_WARN_EMPTY_BODY = YES;
				CLANG_WARN_ENUM_CONVERSION = YES;
				CLANG_WARN_INFINITE_RECURSION = YES;
				CLANG_WARN_INT_CONVERSION = YES;
				CLANG_WARN_NON_LITERAL_NULL_CONVERSION = YES;
				CLANG_WARN_OBJC_IMPLICIT_RETAIN_SELF = YES;
				CLANG_WARN_OBJC_LITERAL_CONVERSION = YES;
				CLANG_WARN_OBJC_ROOT_CLASS = YES_ERROR;
				CLANG_WARN_QUOTED_INCLUDE_IN_FRAMEWORK_HEADER = YES;
				CLANG_WARN_RANGE_LOOP_ANALYSIS = YES;
				CLANG_WARN_STRICT_PROTOTYPES = YES;
				CLANG_WARN_SUSPICIOUS_MOVE = YES;
				CLANG_WARN_UNGUARDED_AVAILABILITY = YES_AGGRESSIVE;
				CLANG_WARN_UNREACHABLE_CODE = YES;
				CLANG_WARN__DUPLICATE_METHOD_MATCH = YES;
				COPY_PHASE_STRIP = NO;
				DEBUG_INFORMATION_FORMAT = "dwarf-with-dsym";
				ENABLE_NS_ASSERTIONS = NO;
				ENABLE_STRICT_OBJC_MSGSEND = YES;
				GCC_C_LANGUAGE_STANDARD = gnu11;
				GCC_NO_COMMON_BLOCKS = YES;
				GCC_WARN_64_TO_32_BIT_CONVERSION = YES;
				GCC_WARN_ABOUT_RETURN_TYPE = YES_ERROR;
				GCC_WARN_UNDECLARED_SELECTOR = YES;
				GCC_WARN_UNINITIALIZED_AUTOS = YES_AGGRESSIVE;
				GCC_WARN_UNUSED_FUNCTION = YES;
				GCC_WARN_UNUSED_VARIABLE = YES;
				IPHONEOS_DEPLOYMENT_TARGET = 16.2;
				MTL_ENABLE_DEBUG_INFO = NO;
				MTL_FAST_MATH = YES;
				SDKROOT = iphoneos;
				SWIFT_COMPILATION_MODE = wholemodule;
				SWIFT_OPTIMIZATION_LEVEL = "-O";
				VALIDATE_PRODUCT = YES;
			};
			name = Release;
		};
		10ABE6BF29CF3D1700A2F705 /* Debug */ = {
			isa = XCBuildConfiguration;
			buildSettings = {
				ASSETCATALOG_COMPILER_APPICON_NAME = AppIcon;
				ASSETCATALOG_COMPILER_GLOBAL_ACCENT_COLOR_NAME = AccentColor;
				CODE_SIGN_STYLE = Automatic;
				CURRENT_PROJECT_VERSION = 1;
				DEVELOPMENT_ASSET_PATHS = "\"SignEase/Preview Content\"";
				DEVELOPMENT_TEAM = 8JB77APLGL;
				ENABLE_PREVIEWS = YES;
				GENERATE_INFOPLIST_FILE = YES;
				INFOPLIST_FILE = SignEase/Info.plist;
				INFOPLIST_KEY_LSApplicationCategoryType = "public.app-category.social-networking";
				INFOPLIST_KEY_NSCameraUsageDescription = "Please Allow Acess to Camera";
				INFOPLIST_KEY_UIApplicationSupportsIndirectInputEvents = YES;
				INFOPLIST_KEY_UILaunchScreen_Generation = YES;
				INFOPLIST_KEY_UISupportedInterfaceOrientations_iPad = "UIInterfaceOrientationPortrait UIInterfaceOrientationPortraitUpsideDown UIInterfaceOrientationLandscapeLeft UIInterfaceOrientationLandscapeRight";
				INFOPLIST_KEY_UISupportedInterfaceOrientations_iPhone = "UIInterfaceOrientationPortrait UIInterfaceOrientationLandscapeLeft UIInterfaceOrientationLandscapeRight";
				IPHONEOS_DEPLOYMENT_TARGET = 15.0;
				LD_RUNPATH_SEARCH_PATHS = (
					"$(inherited)",
					"@executable_path/Frameworks",
				);
				MARKETING_VERSION = 1.0;
				PRODUCT_BUNDLE_IDENTIFIER = com.ladulghanneey.SignEase;
				PRODUCT_NAME = "$(TARGET_NAME)";
				SWIFT_EMIT_LOC_STRINGS = YES;
				SWIFT_VERSION = 5.0;
				TARGETED_DEVICE_FAMILY = "1,2";
			};
			name = Debug;
		};
		10ABE6C029CF3D1700A2F705 /* Release */ = {
			isa = XCBuildConfiguration;
			buildSettings = {
				ASSETCATALOG_COMPILER_APPICON_NAME = AppIcon;
				ASSETCATALOG_COMPILER_GLOBAL_ACCENT_COLOR_NAME = AccentColor;
				CODE_SIGN_STYLE = Automatic;
				CURRENT_PROJECT_VERSION = 1;
				DEVELOPMENT_ASSET_PATHS = "\"SignEase/Preview Content\"";
				DEVELOPMENT_TEAM = 8JB77APLGL;
				ENABLE_PREVIEWS = YES;
				GENERATE_INFOPLIST_FILE = YES;
				INFOPLIST_FILE = SignEase/Info.plist;
				INFOPLIST_KEY_LSApplicationCategoryType = "public.app-category.social-networking";
				INFOPLIST_KEY_NSCameraUsageDescription = "Please Allow Acess to Camera";
				INFOPLIST_KEY_UIApplicationSupportsIndirectInputEvents = YES;
				INFOPLIST_KEY_UILaunchScreen_Generation = YES;
				INFOPLIST_KEY_UISupportedInterfaceOrientations_iPad = "UIInterfaceOrientationPortrait UIInterfaceOrientationPortraitUpsideDown UIInterfaceOrientationLandscapeLeft UIInterfaceOrientationLandscapeRight";
				INFOPLIST_KEY_UISupportedInterfaceOrientations_iPhone = "UIInterfaceOrientationPortrait UIInterfaceOrientationLandscapeLeft UIInterfaceOrientationLandscapeRight";
				IPHONEOS_DEPLOYMENT_TARGET = 15.0;
				LD_RUNPATH_SEARCH_PATHS = (
					"$(inherited)",
					"@executable_path/Frameworks",
				);
				MARKETING_VERSION = 1.0;
				PRODUCT_BUNDLE_IDENTIFIER = com.ladulghanneey.SignEase;
				PRODUCT_NAME = "$(TARGET_NAME)";
				SWIFT_EMIT_LOC_STRINGS = YES;
				SWIFT_VERSION = 5.0;
				TARGETED_DEVICE_FAMILY = "1,2";
			};
			name = Release;
		};
/* End XCBuildConfiguration section */

/* Begin XCConfigurationList section */
		10ABE6AB29CF3D1400A2F705 /* Build configuration list for PBXProject "SignEase" */ = {
			isa = XCConfigurationList;
			buildConfigurations = (
				10ABE6BC29CF3D1700A2F705 /* Debug */,
				10ABE6BD29CF3D1700A2F705 /* Release */,
			);
			defaultConfigurationIsVisible = 0;
			defaultConfigurationName = Release;
		};
		10ABE6BE29CF3D1700A2F705 /* Build configuration list for PBXNativeTarget "SignEase" */ = {
			isa = XCConfigurationList;
			buildConfigurations = (
				10ABE6BF29CF3D1700A2F705 /* Debug */,
				10ABE6C029CF3D1700A2F705 /* Release */,
			);
			defaultConfigurationIsVisible = 0;
			defaultConfigurationName = Release;
		};
/* End XCConfigurationList section */

/* Begin XCRemoteSwiftPackageReference section */
		10C0D4D92A0E799B007668B3 /* XCRemoteSwiftPackageReference "firebase-ios-sdk" */ = {
			isa = XCRemoteSwiftPackageReference;
			repositoryURL = "https://github.com/firebase/firebase-ios-sdk";
			requirement = {
				kind = upToNextMajorVersion;
				minimumVersion = 10.4.0;
			};
		};
/* End XCRemoteSwiftPackageReference section */

/* Begin XCSwiftPackageProductDependency section */
		10C0D4DA2A0E799B007668B3 /* FirebaseAnalytics */ = {
			isa = XCSwiftPackageProductDependency;
			package = 10C0D4D92A0E799B007668B3 /* XCRemoteSwiftPackageReference "firebase-ios-sdk" */;
			productName = FirebaseAnalytics;
		};
		10C0D4DC2A0E799B007668B3 /* FirebaseAuth */ = {
			isa = XCSwiftPackageProductDependency;
			package = 10C0D4D92A0E799B007668B3 /* XCRemoteSwiftPackageReference "firebase-ios-sdk" */;
			productName = FirebaseAuth;
		};
		10C0D4DE2A0E799B007668B3 /* FirebaseAuthCombine-Community */ = {
			isa = XCSwiftPackageProductDependency;
			package = 10C0D4D92A0E799B007668B3 /* XCRemoteSwiftPackageReference "firebase-ios-sdk" */;
			productName = "FirebaseAuthCombine-Community";
		};
		10C0D4E02A0E799B007668B3 /* FirebaseDatabase */ = {
			isa = XCSwiftPackageProductDependency;
			package = 10C0D4D92A0E799B007668B3 /* XCRemoteSwiftPackageReference "firebase-ios-sdk" */;
			productName = FirebaseDatabase;
		};
		10C0D4E22A0E799B007668B3 /* FirebaseFirestore */ = {
			isa = XCSwiftPackageProductDependency;
			package = 10C0D4D92A0E799B007668B3 /* XCRemoteSwiftPackageReference "firebase-ios-sdk" */;
			productName = FirebaseFirestore;
		};
		10C0D4E42A0E799B007668B3 /* FirebaseFirestoreCombine-Community */ = {
			isa = XCSwiftPackageProductDependency;
			package = 10C0D4D92A0E799B007668B3 /* XCRemoteSwiftPackageReference "firebase-ios-sdk" */;
			productName = "FirebaseFirestoreCombine-Community";
		};
		10C0D4E62A0E799B007668B3 /* FirebaseFirestoreSwift */ = {
			isa = XCSwiftPackageProductDependency;
			package = 10C0D4D92A0E799B007668B3 /* XCRemoteSwiftPackageReference "firebase-ios-sdk" */;
			productName = FirebaseFirestoreSwift;
		};
		10C0D4E82A0E799B007668B3 /* FirebaseStorage */ = {
			isa = XCSwiftPackageProductDependency;
			package = 10C0D4D92A0E799B007668B3 /* XCRemoteSwiftPackageReference "firebase-ios-sdk" */;
			productName = FirebaseStorage;
		};
		10C0D4EA2A0E799B007668B3 /* FirebaseStorageCombine-Community */ = {
			isa = XCSwiftPackageProductDependency;
			package = 10C0D4D92A0E799B007668B3 /* XCRemoteSwiftPackageReference "firebase-ios-sdk" */;
			productName = "FirebaseStorageCombine-Community";
		};
/* End XCSwiftPackageProductDependency section */
	};
	rootObject = 10ABE6A829CF3D1400A2F705 /* Project object */;
}
